
Microsoft Visual Studio Solution File, Format Version 10.00
# Visual Studio 2008
Project("{FAE04EC0-301F-11D3-BF4B-00C04F79EFBC}") = "MSDCustomCalculations", "MSDExtensions\MSDCustomCalculations.csproj", "{A2A366FD-31D6-4682-AFFA-8EC70EE59472}"
EndProject
Project("{FAE04EC0-301F-11D3-BF4B-00C04F79EFBC}") = "MSDShipment", "MSDShipment\MSDShipment.csproj", "{7DBB3C2D-2F67-4447-9710-9698B5CD5197}"
EndProject
Global
	GlobalSection(SolutionConfigurationPlatforms) = preSolution
		Debug|Any CPU = Debug|Any CPU
		Release|Any CPU = Release|Any CPU
	EndGlobalSection
	GlobalSection(ProjectConfigurationPlatforms) = postSolution
		{A2A366FD-31D6-4682-AFFA-8EC70EE59472}.Debug|Any CPU.ActiveCfg = Debug|Any CPU
		{A2A366FD-31D6-4682-AFFA-8EC70EE59472}.Debug|Any CPU.Build.0 = Debug|Any CPU
		{A2A366FD-31D6-4682-AFFA-8EC70EE59472}.Release|Any CPU.ActiveCfg = Release|Any CPU
		{A2A366FD-31D6-4682-AFFA-8EC70EE59472}.Release|Any CPU.Build.0 = Release|Any CPU
		{7DBB3C2D-2F67-4447-9710-9698B5CD5197}.Debug|Any CPU.ActiveCfg = Debug|Any CPU
		{7DBB3C2D-2F67-4447-9710-9698B5CD5197}.Debug|Any CPU.Build.0 = Debug|Any CPU
		{7DBB3C2D-2F67-4447-9710-9698B5CD5197}.Release|Any CPU.ActiveCfg = Release|Any CPU
		{7DBB3C2D-2F67-4447-9710-9698B5CD5197}.Release|Any CPU.Build.0 = Release|Any CPU
	EndGlobalSection
	GlobalSection(SolutionProperties) = preSolution
		HideSolutionNode = FALSE
	EndGlobalSection
EndGlobal
